// !$*UTF8*$!
{
	archiveVersion = 1;
	classes = {
	};
	objectVersion = 70;
	objects = {

/* Begin PBXBuildFile section */
		8B7F5C121DB8C41A00A76310 /* eventhandlers.h in Headers */ = {isa = PBXBuildFile; fileRef = F52E407F0370C79A01F4A231 /* eventhandlers.h */; };
		8B7F5C131DB8C41A00A76310 /* fire.h in Headers */ = {isa = PBXBuildFile; fileRef = F52E40810370C79A01F4A231 /* fire.h */; };
		8B7F5C141DB8C41A00A76310 /* game.h in Headers */ = {isa = PBXBuildFile; fileRef = F52E40830370C79A01F4A231 /* game.h */; };
		8B7F5C151DB8C41A00A76310 /* graphics.h in Headers */ = {isa = PBXBuildFile; fileRef = F52E40850370C79A01F4A231 /* graphics.h */; };
		8B7F5C161DB8C41A00A76310 /* loading.h in Headers */ = {isa = PBXBuildFile; fileRef = F52E40870370C79A01F4A231 /* loading.h */; };
		8B7F5C171DB8C41A00A76310 /* mafftypes.h in Headers */ = {isa = PBXBuildFile; fileRef = F52E40920370C7B401F4A231 /* mafftypes.h */; };
		8B7F5C181DB8C41A00A76310 /* main.h in Headers */ = {isa = PBXBuildFile; fileRef = F52E40940370C7B401F4A231 /* main.h */; };
		8B7F5C191DB8C41A00A76310 /* scores.h in Headers */ = {isa = PBXBuildFile; fileRef = F52E40990370C7C701F4A231 /* scores.h */; };
		8B7F5C1A1DB8C41A00A76310 /* sound.h in Headers */ = {isa = PBXBuildFile; fileRef = F52E409B0370C7C701F4A231 /* sound.h */; };
		8B7F5C1C1DB8C41A00A76310 /* depthcheck.h in Headers */ = {isa = PBXBuildFile; fileRef = F563777E0377996801768EE7 /* depthcheck.h */; };
		8B7F5C1E1DB8C41A00A76310 /* InfoPlist.strings in Resources */ = {isa = PBXBuildFile; fileRef = 0867D6AAFE840B52C02AAC07 /* InfoPlist.strings */; };
		8B7F5C1F1DB8C41A00A76310 /* CustomInfo.plist in Resources */ = {isa = PBXBuildFile; fileRef = F52E40260370C77E01F4A231 /* CustomInfo.plist */; };
		8B7F5C201DB8C41A00A76310 /* Graphics in Resources */ = {isa = PBXBuildFile; fileRef = F52E40280370C77E01F4A231 /* Graphics */; };
		8B7F5C211DB8C41A00A76310 /* MAFFia.icns in Resources */ = {isa = PBXBuildFile; fileRef = F52E406D0370C77F01F4A231 /* MAFFia.icns */; };
		8B7F5C241DB8C41A00A76310 /* alienplace.plist in Resources */ = {isa = PBXBuildFile; fileRef = F5B4A147037E012B01C6A94C /* alienplace.plist */; };
		8B7F5C251DB8C41A00A76310 /* pasture.plist in Resources */ = {isa = PBXBuildFile; fileRef = F5B4A14D037E012B01C6A94C /* pasture.plist */; };
		8B7F5C261DB8C41A00A76310 /* shrooms.plist in Resources */ = {isa = PBXBuildFile; fileRef = F5B4A14E037E012B01C6A94C /* shrooms.plist */; };
		8B7F5C271DB8C41A00A76310 /* cloisters.plist in Resources */ = {isa = PBXBuildFile; fileRef = F52DA42A03803B3E01E9057F /* cloisters.plist */; };
		8B7F5C281DB8C41A00A76310 /* dump.plist in Resources */ = {isa = PBXBuildFile; fileRef = F58737E8038095C40169D9D2 /* dump.plist */; };
		8B7F5C291DB8C41A00A76310 /* road.plist in Resources */ = {isa = PBXBuildFile; fileRef = F5E16CA20381C7DE01588AE2 /* road.plist */; };
		8B7F5C2A1DB8C41A00A76310 /* aliencloister.plist in Resources */ = {isa = PBXBuildFile; fileRef = F515944B0381DCED01A81442 /* aliencloister.plist */; };
		8B7F5C2B1DB8C41A00A76310 /* beach.plist in Resources */ = {isa = PBXBuildFile; fileRef = F513BBD8038354CF014038F8 /* beach.plist */; };
		8B7F5C2D1DB8C41A00A76310 /* eventhandlers.m in Sources */ = {isa = PBXBuildFile; fileRef = F52E407E0370C79A01F4A231 /* eventhandlers.m */; };
		8B7F5C2E1DB8C41A00A76310 /* fire.m in Sources */ = {isa = PBXBuildFile; fileRef = F52E40800370C79A01F4A231 /* fire.m */; };
		8B7F5C2F1DB8C41A00A76310 /* game.m in Sources */ = {isa = PBXBuildFile; fileRef = F52E40820370C79A01F4A231 /* game.m */; };
		8B7F5C301DB8C41A00A76310 /* graphics.m in Sources */ = {isa = PBXBuildFile; fileRef = F52E40840370C79A01F4A231 /* graphics.m */; };
		8B7F5C311DB8C41A00A76310 /* loading.m in Sources */ = {isa = PBXBuildFile; fileRef = F52E40860370C79A01F4A231 /* loading.m */; };
		8B7F5C321DB8C41A00A76310 /* main.m in Sources */ = {isa = PBXBuildFile; fileRef = F52E40930370C7B401F4A231 /* main.m */; };
		8B7F5C331DB8C41A00A76310 /* scores.m in Sources */ = {isa = PBXBuildFile; fileRef = F52E40980370C7C701F4A231 /* scores.m */; };
		8B7F5C341DB8C41A00A76310 /* sound.m in Sources */ = {isa = PBXBuildFile; fileRef = F52E409A0370C7C701F4A231 /* sound.m */; };
		8B7F5C361DB8C41A00A76310 /* depthcheck.m in Sources */ = {isa = PBXBuildFile; fileRef = F563777F0377996801768EE7 /* depthcheck.m */; };
		8B9DFBAF2F104FD200FFF56D /* AppDelegate.h in Headers */ = {isa = PBXBuildFile; fileRef = 8B9DFBAE2F104FC900FFF56D /* AppDelegate.h */; };
		8B9DFBB12F104FDD00FFF56D /* AppDelegate.m in Sources */ = {isa = PBXBuildFile; fileRef = 8B9DFBB02F104FDB00FFF56D /* AppDelegate.m */; };
		8B9DFBB32F10502500FFF56D /* GameView.h in Headers */ = {isa = PBXBuildFile; fileRef = 8B9DFBB22F10502000FFF56D /* GameView.h */; };
		8B9DFBB52F10502C00FFF56D /* GameView.m in Sources */ = {isa = PBXBuildFile; fileRef = 8B9DFBB42F10502A00FFF56D /* GameView.m */; };
		8B9DFC522F10571D00FFF56D /* sound.rsrc in Resources */ = {isa = PBXBuildFile; fileRef = F52E40730370C77F01F4A231 /* sound.rsrc */; };
		8BFF89E82F10F85D00B8FDFE /* main.xib in Resources */ = {isa = PBXBuildFile; fileRef = 8BFF89E62F10F85D00B8FDFE /* main.xib */; };
/* End PBXBuildFile section */

/* Begin PBXFileReference section */
		4A9504C8FFE6A3BC11CA0CBA /* ApplicationServices.framework */ = {isa = PBXFileReference; lastKnownFileType = wrapper.framework; name = ApplicationServices.framework; path = /System/Library/Frameworks/ApplicationServices.framework; sourceTree = "<absolute>"; };
		4A9504CAFFE6A41611CA0CBA /* CoreServices.framework */ = {isa = PBXFileReference; lastKnownFileType = wrapper.framework; name = CoreServices.framework; path = /System/Library/Frameworks/CoreServices.framework; sourceTree = "<absolute>"; };
		8B55BB932F22A89600B95C2F /* libPomme.a */ = {isa = PBXFileReference; explicitFileType = archive.ar; includeInIndex = 0; path = libPomme.a; sourceTree = BUILT_PRODUCTS_DIR; };
		8B7F5C411DB8C41A00A76310 /* Info-MAFFia__Upgraded_.plist */ = {isa = PBXFileReference; lastKnownFileType = text.plist.xml; path = "Info-MAFFia__Upgraded_.plist"; sourceTree = "<group>"; };
		8B7F5C421DB8C41A00A76310 /* MAFFia.app */ = {isa = PBXFileReference; explicitFileType = wrapper.application; includeInIndex = 0; path = MAFFia.app; sourceTree = BUILT_PRODUCTS_DIR; };
		8B987B9E2F1FEDAD00CBEF45 /* en */ = {isa = PBXFileReference; lastKnownFileType = text.plist.xml; name = en; path = en.lproj/CustomInfo.plist; sourceTree = "<group>"; };
		8B987B9F2F1FEDAD00CBEF45 /* en */ = {isa = PBXFileReference; lastKnownFileType = folder; name = en; path = en.lproj/Graphics; sourceTree = "<group>"; };
		8B987BA02F1FEDAD00CBEF45 /* en */ = {isa = PBXFileReference; lastKnownFileType = text.plist.strings; name = en; path = en.lproj/InfoPlist.strings; sourceTree = "<group>"; };
		8B987BA12F1FEDAD00CBEF45 /* en */ = {isa = PBXFileReference; lastKnownFileType = image.icns; name = en; path = en.lproj/MAFFia.icns; sourceTree = "<group>"; };
		8B987BA22F1FEDAD00CBEF45 /* en */ = {isa = PBXFileReference; lastKnownFileType = file.xib; name = en; path = en.lproj/main.xib; sourceTree = "<group>"; };
		8B987BA32F1FEDAD00CBEF45 /* en */ = {isa = PBXFileReference; explicitFileType = compiled; name = en; path = en.lproj/sound.rsrc; sourceTree = "<group>"; };
		8B9DFBAE2F104FC900FFF56D /* AppDelegate.h */ = {isa = PBXFileReference; lastKnownFileType = sourcecode.c.h; path = AppDelegate.h; sourceTree = "<group>"; };
		8B9DFBB02F104FDB00FFF56D /* AppDelegate.m */ = {isa = PBXFileReference; lastKnownFileType = sourcecode.c.objc; path = AppDelegate.m; sourceTree = "<group>"; };
		8B9DFBB22F10502000FFF56D /* GameView.h */ = {isa = PBXFileReference; lastKnownFileType = sourcecode.c.h; path = GameView.h; sourceTree = "<group>"; };
		8B9DFBB42F10502A00FFF56D /* GameView.m */ = {isa = PBXFileReference; lastKnownFileType = sourcecode.c.objc; path = GameView.m; sourceTree = "<group>"; };
		F513BBD8038354CF014038F8 /* beach.plist */ = {isa = PBXFileReference; lastKnownFileType = text.plist.xml; path = beach.plist; sourceTree = "<group>"; };
		F515944B0381DCED01A81442 /* aliencloister.plist */ = {isa = PBXFileReference; lastKnownFileType = text.plist.xml; path = aliencloister.plist; sourceTree = "<group>"; };
		F52DA42A03803B3E01E9057F /* cloisters.plist */ = {isa = PBXFileReference; lastKnownFileType = text.plist.xml; path = cloisters.plist; sourceTree = "<group>"; };
		F52E407E0370C79A01F4A231 /* eventhandlers.m */ = {isa = PBXFileReference; lastKnownFileType = sourcecode.c.objc; path = eventhandlers.m; sourceTree = "<group>"; };
		F52E407F0370C79A01F4A231 /* eventhandlers.h */ = {isa = PBXFileReference; lastKnownFileType = sourcecode.c.h; path = eventhandlers.h; sourceTree = "<group>"; };
		F52E40800370C79A01F4A231 /* fire.m */ = {isa = PBXFileReference; lastKnownFileType = sourcecode.c.objc; path = fire.m; sourceTree = "<group>"; };
		F52E40810370C79A01F4A231 /* fire.h */ = {isa = PBXFileReference; lastKnownFileType = sourcecode.c.h; path = fire.h; sourceTree = "<group>"; };
		F52E40820370C79A01F4A231 /* game.m */ = {isa = PBXFileReference; lastKnownFileType = sourcecode.c.objc; path = game.m; sourceTree = "<group>"; };
		F52E40830370C79A01F4A231 /* game.h */ = {isa = PBXFileReference; lastKnownFileType = sourcecode.c.h; path = game.h; sourceTree = "<group>"; };
		F52E40840370C79A01F4A231 /* graphics.m */ = {isa = PBXFileReference; lastKnownFileType = sourcecode.c.objc; path = graphics.m; sourceTree = "<group>"; };
		F52E40850370C79A01F4A231 /* graphics.h */ = {isa = PBXFileReference; lastKnownFileType = sourcecode.c.h; path = graphics.h; sourceTree = "<group>"; };
		F52E40860370C79A01F4A231 /* loading.m */ = {isa = PBXFileReference; lastKnownFileType = sourcecode.c.objc; path = loading.m; sourceTree = "<group>"; };
		F52E40870370C79A01F4A231 /* loading.h */ = {isa = PBXFileReference; lastKnownFileType = sourcecode.c.h; path = loading.h; sourceTree = "<group>"; };
		F52E40920370C7B401F4A231 /* mafftypes.h */ = {isa = PBXFileReference; lastKnownFileType = sourcecode.c.h; path = mafftypes.h; sourceTree = "<group>"; };
		F52E40930370C7B401F4A231 /* main.m */ = {isa = PBXFileReference; lastKnownFileType = sourcecode.c.objc; path = main.m; sourceTree = "<group>"; };
		F52E40940370C7B401F4A231 /* main.h */ = {isa = PBXFileReference; lastKnownFileType = sourcecode.c.h; path = main.h; sourceTree = "<group>"; };
		F52E40980370C7C701F4A231 /* scores.m */ = {isa = PBXFileReference; lastKnownFileType = sourcecode.c.objc; path = scores.m; sourceTree = "<group>"; };
		F52E40990370C7C701F4A231 /* scores.h */ = {isa = PBXFileReference; lastKnownFileType = sourcecode.c.h; path = scores.h; sourceTree = "<group>"; };
		F52E409A0370C7C701F4A231 /* sound.m */ = {isa = PBXFileReference; lastKnownFileType = sourcecode.c.objc; path = sound.m; sourceTree = "<group>"; };
		F52E409B0370C7C701F4A231 /* sound.h */ = {isa = PBXFileReference; lastKnownFileType = sourcecode.c.h; path = sound.h; sourceTree = "<group>"; };
		F563777E0377996801768EE7 /* depthcheck.h */ = {isa = PBXFileReference; lastKnownFileType = sourcecode.c.h; path = depthcheck.h; sourceTree = "<group>"; };
		F563777F0377996801768EE7 /* depthcheck.m */ = {isa = PBXFileReference; lastKnownFileType = sourcecode.c.objc; path = depthcheck.m; sourceTree = "<group>"; };
		F58737E8038095C40169D9D2 /* dump.plist */ = {isa = PBXFileReference; lastKnownFileType = text.plist.xml; path = dump.plist; sourceTree = "<group>"; };
		F5B4A147037E012B01C6A94C /* alienplace.plist */ = {isa = PBXFileReference; lastKnownFileType = text.plist.xml; path = alienplace.plist; sourceTree = "<group>"; };
		F5B4A14D037E012B01C6A94C /* pasture.plist */ = {isa = PBXFileReference; lastKnownFileType = text.plist.xml; path = pasture.plist; sourceTree = "<group>"; };
		F5B4A14E037E012B01C6A94C /* shrooms.plist */ = {isa = PBXFileReference; lastKnownFileType = text.plist.xml; path = shrooms.plist; sourceTree = "<group>"; };
		F5E16CA20381C7DE01588AE2 /* road.plist */ = {isa = PBXFileReference; lastKnownFileType = text.plist.xml; path = road.plist; sourceTree = "<group>"; };
/* End PBXFileReference section */

/* Begin PBXFileSystemSynchronizedBuildFileExceptionSet section */
		8B55BB8C2F22A7BB00B95C2F /* PBXFileSystemSynchronizedBuildFileExceptionSet */ = {
			isa = PBXFileSystemSynchronizedBuildFileExceptionSet;
			membershipExceptions = (
				Pomme/CompilerSupport/CoexistWithCarbon.h,
				Pomme/CompilerSupport/filesystem_implementation.hpp,
				Pomme/CompilerSupport/filesystem.h,
				Pomme/CompilerSupport/span_implementation.hpp,
				Pomme/CompilerSupport/span.h,
				Pomme/Files/HostVolume.h,
				Pomme/Files/Volume.h,
				Pomme/Graphics/SysFont.h,
				Pomme/Platform/Windows/PommeWindows.cpp,
				Pomme/Platform/Windows/PommeWindows.h,
				Pomme/Pomme.h,
				Pomme/PommeDebug.h,
				Pomme/PommeFiles.h,
				Pomme/PommeGraphics.h,
				Pomme/PommeInit.h,
				Pomme/PommeInput.h,
				Pomme/PommeMemory.h,
				Pomme/PommeSound.h,
				Pomme/PommeVideo.h,
				Pomme/QD3D/3DMFInternal.h,
				Pomme/QD3D/QD3D.h,
				Pomme/QD3D/QD3DMath.h,
				Pomme/SoundFormats/minimp3.h,
				Pomme/SoundMixer/ChannelImpl.h,
				Pomme/SoundMixer/cmixer.h,
				Pomme/Utilities/bigendianstreams.h,
				Pomme/Utilities/FixedPool.h,
				Pomme/Utilities/GrowablePool.h,
				Pomme/Utilities/IEEEExtended.h,
				Pomme/Utilities/memstream.h,
				Pomme/Utilities/StringUtils.h,
				Pomme/Utilities/structpack.h,
				Pomme/Video/Cinepak.h,
				SDL3.framework,
			);
			target = 8B7F5C101DB8C41A00A76310 /* MAFFia */;
		};
		8B55BBA02F22A8E400B95C2F /* PBXFileSystemSynchronizedBuildFileExceptionSet */ = {
			isa = PBXFileSystemSynchronizedBuildFileExceptionSet;
			membershipExceptions = (
				Pomme/Files/Files.cpp,
				Pomme/Files/HostVolume.cpp,
				Pomme/Files/Resources.cpp,
				Pomme/Graphics/ARGBPixmap.cpp,
				Pomme/Graphics/Color.cpp,
				Pomme/Graphics/ColorManager.cpp,
				Pomme/Graphics/Graphics.cpp,
				Pomme/Graphics/Icons.cpp,
				Pomme/Graphics/PICT.cpp,
				Pomme/Graphics/SystemPalettes.cpp,
				Pomme/Memory/Memory.cpp,
				Pomme/Pomme.cpp,
				Pomme/PommeDebug.cpp,
				Pomme/QD3D/3DMFParser.cpp,
				Pomme/QD3D/QD3D.cpp,
				Pomme/QD3D/QD3DMath.cpp,
				Pomme/SoundFormats/AIFF.cpp,
				Pomme/SoundFormats/IMA4.cpp,
				Pomme/SoundFormats/MACE.cpp,
				Pomme/SoundFormats/Midi.cpp,
				Pomme/SoundFormats/SoundFormats.cpp,
				Pomme/SoundFormats/xlaw.cpp,
				Pomme/SoundMixer/ChannelImpl.cpp,
				Pomme/SoundMixer/cmixer.cpp,
				Pomme/SoundMixer/SoundManager.cpp,
				Pomme/Text/TextUtilities.cpp,
				Pomme/Time/TimeManager.cpp,
				Pomme/Utilities/bigendianstreams.cpp,
				Pomme/Utilities/IEEEExtended.cpp,
				Pomme/Utilities/memstream.cpp,
				Pomme/Utilities/StringUtils.cpp,
				Pomme/Utilities/structpack.cpp,
				Pomme/Video/Cinepak.cpp,
				Pomme/Video/moov.cpp,
			);
			target = 8B55BB922F22A89600B95C2F /* Pomme */;
		};
		8B55BBC22F22A99100B95C2F /* PBXFileSystemSynchronizedBuildFileExceptionSet */ = {
			isa = PBXFileSystemSynchronizedBuildFileExceptionSet;
			membershipExceptions = (
				Pomme.m,
			);
			target = 8B55BB922F22A89600B95C2F /* Pomme */;
		};
/* End PBXFileSystemSynchronizedBuildFileExceptionSet section */

/* Begin PBXFileSystemSynchronizedRootGroup section */
		8B55BAED2F22A7A000B95C2F /* extern */ = {isa = PBXFileSystemSynchronizedRootGroup; exceptions = (8B55BB8C2F22A7BB00B95C2F /* PBXFileSystemSynchronizedBuildFileExceptionSet */, 8B55BBA02F22A8E400B95C2F /* PBXFileSystemSynchronizedBuildFileExceptionSet */, ); explicitFileTypes = {}; explicitFolders = (); path = extern; sourceTree = "<group>"; };
		8B55BB942F22A89600B95C2F /* Pomme */ = {isa = PBXFileSystemSynchronizedRootGroup; exceptions = (8B55BBC22F22A99100B95C2F /* PBXFileSystemSynchronizedBuildFileExceptionSet */, ); explicitFileTypes = {}; explicitFolders = (); path = Pomme; sourceTree = "<group>"; };
/* End PBXFileSystemSynchronizedRootGroup section */

/* Begin PBXFrameworksBuildPhase section */
		8B55BB912F22A89600B95C2F /* Frameworks */ = {
			isa = PBXFrameworksBuildPhase;
			buildActionMask = 2147483647;
			files = (
			);
			runOnlyForDeploymentPostprocessing = 0;
		};
		8B7F5C371DB8C41A00A76310 /* Frameworks */ = {
			isa = PBXFrameworksBuildPhase;
			buildActionMask = 2147483647;
			files = (
			);
			runOnlyForDeploymentPostprocessing = 0;
		};
/* End PBXFrameworksBuildPhase section */

/* Begin PBXGroup section */
		195DF8CFFE9D517E11CA2CBB /* Products */ = {
			isa = PBXGroup;
			children = (
				8B7F5C421DB8C41A00A76310 /* MAFFia.app */,
				8B55BB932F22A89600B95C2F /* libPomme.a */,
			);
			name = Products;
			sourceTree = "<group>";
		};
		20286C29FDCF999611CA2CEA /* MAFFia */ = {
			isa = PBXGroup;
			children = (
				8B55BAED2F22A7A000B95C2F /* extern */,
				20286C2AFDCF999611CA2CEA /* Sources */,
				20286C2CFDCF999611CA2CEA /* Resources */,
				20286C32FDCF999611CA2CEA /* External Frameworks and Libraries */,
				8B55BB942F22A89600B95C2F /* Pomme */,
				195DF8CFFE9D517E11CA2CBB /* Products */,
				8B7F5C411DB8C41A00A76310 /* Info-MAFFia__Upgraded_.plist */,
			);
			name = MAFFia;
			sourceTree = "<group>";
		};
		20286C2AFDCF999611CA2CEA /* Sources */ = {
			isa = PBXGroup;
			children = (
				8B9DFBB42F10502A00FFF56D /* GameView.m */,
				8B9DFBB22F10502000FFF56D /* GameView.h */,
				8B9DFBB02F104FDB00FFF56D /* AppDelegate.m */,
				8B9DFBAE2F104FC900FFF56D /* AppDelegate.h */,
				F52E40920370C7B401F4A231 /* mafftypes.h */,
				F52E40940370C7B401F4A231 /* main.h */,
				F52E407F0370C79A01F4A231 /* eventhandlers.h */,
				F52E40870370C79A01F4A231 /* loading.h */,
				F52E40830370C79A01F4A231 /* game.h */,
				F52E40850370C79A01F4A231 /* graphics.h */,
				F52E40810370C79A01F4A231 /* fire.h */,
				F52E40990370C7C701F4A231 /* scores.h */,
				F52E409B0370C7C701F4A231 /* sound.h */,
				F563777E0377996801768EE7 /* depthcheck.h */,
				F52E40930370C7B401F4A231 /* main.m */,
				F52E407E0370C79A01F4A231 /* eventhandlers.m */,
				F52E40860370C79A01F4A231 /* loading.m */,
				F52E40820370C79A01F4A231 /* game.m */,
				F52E40840370C79A01F4A231 /* graphics.m */,
				F52E40800370C79A01F4A231 /* fire.m */,
				F52E40980370C7C701F4A231 /* scores.m */,
				F52E409A0370C7C701F4A231 /* sound.m */,
				F563777F0377996801768EE7 /* depthcheck.m */,
			);
			name = Sources;
			sourceTree = "<group>";
		};
		20286C2CFDCF999611CA2CEA /* Resources */ = {
			isa = PBXGroup;
			children = (
				0867D6AAFE840B52C02AAC07 /* InfoPlist.strings */,
				F52E40260370C77E01F4A231 /* CustomInfo.plist */,
				F52E40280370C77E01F4A231 /* Graphics */,
				F52E406D0370C77F01F4A231 /* MAFFia.icns */,
				F52E40730370C77F01F4A231 /* sound.rsrc */,
				F5B4A146037E012B01C6A94C /* Levels */,
				8BFF89E62F10F85D00B8FDFE /* main.xib */,
			);
			name = Resources;
			sourceTree = "<group>";
		};
		20286C32FDCF999611CA2CEA /* External Frameworks and Libraries */ = {
			isa = PBXGroup;
			children = (
				4A9504CAFFE6A41611CA0CBA /* CoreServices.framework */,
				4A9504C8FFE6A3BC11CA0CBA /* ApplicationServices.framework */,
			);
			name = "External Frameworks and Libraries";
			sourceTree = "<group>";
		};
		F5B4A146037E012B01C6A94C /* Levels */ = {
			isa = PBXGroup;
			children = (
				F5B4A14D037E012B01C6A94C /* pasture.plist */,
				F58737E8038095C40169D9D2 /* dump.plist */,
				F5E16CA20381C7DE01588AE2 /* road.plist */,
				F513BBD8038354CF014038F8 /* beach.plist */,
				F5B4A14E037E012B01C6A94C /* shrooms.plist */,
				F5B4A147037E012B01C6A94C /* alienplace.plist */,
				F52DA42A03803B3E01E9057F /* cloisters.plist */,
				F515944B0381DCED01A81442 /* aliencloister.plist */,
			);
			name = Levels;
			path = English.lproj/Levels;
			sourceTree = "<group>";
		};
/* End PBXGroup section */

/* Begin PBXHeadersBuildPhase section */
		8B7F5C111DB8C41A00A76310 /* Headers */ = {
			isa = PBXHeadersBuildPhase;
			buildActionMask = 2147483647;
			files = (
				8B7F5C121DB8C41A00A76310 /* eventhandlers.h in Headers */,
				8B7F5C131DB8C41A00A76310 /* fire.h in Headers */,
				8B7F5C141DB8C41A00A76310 /* game.h in Headers */,
				8B7F5C151DB8C41A00A76310 /* graphics.h in Headers */,
				8B7F5C161DB8C41A00A76310 /* loading.h in Headers */,
				8B7F5C171DB8C41A00A76310 /* mafftypes.h in Headers */,
				8B7F5C181DB8C41A00A76310 /* main.h in Headers */,
				8B7F5C191DB8C41A00A76310 /* scores.h in Headers */,
				8B7F5C1A1DB8C41A00A76310 /* sound.h in Headers */,
				8B7F5C1C1DB8C41A00A76310 /* depthcheck.h in Headers */,
				8B9DFBB32F10502500FFF56D /* GameView.h in Headers */,
				8B9DFBAF2F104FD200FFF56D /* AppDelegate.h in Headers */,
			);
			runOnlyForDeploymentPostprocessing = 0;
		};
/* End PBXHeadersBuildPhase section */

/* Begin PBXNativeTarget section */
		8B55BB922F22A89600B95C2F /* Pomme */ = {
			isa = PBXNativeTarget;
			buildConfigurationList = 8B55BB992F22A89600B95C2F /* Build configuration list for PBXNativeTarget "Pomme" */;
			buildPhases = (
				8B55BB902F22A89600B95C2F /* Sources */,
				8B55BB912F22A89600B95C2F /* Frameworks */,
			);
			buildRules = (
			);
			dependencies = (
			);
			fileSystemSynchronizedGroups = (
				8B55BB942F22A89600B95C2F /* Pomme */,
			);
			name = Pomme;
			packageProductDependencies = (
			);
			productName = Pomme;
			productReference = 8B55BB932F22A89600B95C2F /* libPomme.a */;
			productType = "com.apple.product-type.library.static";
		};
		8B7F5C101DB8C41A00A76310 /* MAFFia */ = {
			isa = PBXNativeTarget;
			buildConfigurationList = 8B7F5C3D1DB8C41A00A76310 /* Build configuration list for PBXNativeTarget "MAFFia" */;
			buildPhases = (
				8B7F5C111DB8C41A00A76310 /* Headers */,
				8B7F5C1D1DB8C41A00A76310 /* Resources */,
				8B7F5C2C1DB8C41A00A76310 /* Sources */,
				8B7F5C371DB8C41A00A76310 /* Frameworks */,
			);
			buildRules = (
			);
			dependencies = (
			);
			name = MAFFia;
			productInstallPath = "$(HOME)/Applications";
			productName = MAFFia;
			productReference = 8B7F5C421DB8C41A00A76310 /* MAFFia.app */;
			productType = "com.apple.product-type.application";
		};
/* End PBXNativeTarget section */

/* Begin PBXProject section */
		20286C28FDCF999611CA2CEA /* Project object */ = {
			isa = PBXProject;
			attributes = {
				BuildIndependentTargetsInParallel = YES;
				LastUpgradeCheck = 2620;
				TargetAttributes = {
					8B55BB922F22A89600B95C2F = {
						CreatedOnToolsVersion = 26.2;
					};
				};
			};
			buildConfigurationList = 8B2D261F1DB8B960004D6FFF /* Build configuration list for PBXProject "MAFFia" */;
			compatibilityVersion = "Xcode 2.4";
			developmentRegion = en;
			hasScannedForEncodings = 0;
			knownRegions = (
				en,
				Base,
			);
			mainGroup = 20286C29FDCF999611CA2CEA /* MAFFia */;
			projectDirPath = "";
			projectRoot = "";
			targets = (
				8B7F5C101DB8C41A00A76310 /* MAFFia */,
				8B55BB922F22A89600B95C2F /* Pomme */,
			);
		};
/* End PBXProject section */

/* Begin PBXResourcesBuildPhase section */
		8B7F5C1D1DB8C41A00A76310 /* Resources */ = {
			isa = PBXResourcesBuildPhase;
			buildActionMask = 2147483647;
			files = (
				8B9DFC522F10571D00FFF56D /* sound.rsrc in Resources */,
				8B7F5C1E1DB8C41A00A76310 /* InfoPlist.strings in Resources */,
				8B7F5C1F1DB8C41A00A76310 /* CustomInfo.plist in Resources */,
				8B7F5C201DB8C41A00A76310 /* Graphics in Resources */,
				8BFF89E82F10F85D00B8FDFE /* main.xib in Resources */,
				8B7F5C211DB8C41A00A76310 /* MAFFia.icns in Resources */,
				8B7F5C241DB8C41A00A76310 /* alienplace.plist in Resources */,
				8B7F5C251DB8C41A00A76310 /* pasture.plist in Resources */,
				8B7F5C261DB8C41A00A76310 /* shrooms.plist in Resources */,
				8B7F5C271DB8C41A00A76310 /* cloisters.plist in Resources */,
				8B7F5C281DB8C41A00A76310 /* dump.plist in Resources */,
				8B7F5C291DB8C41A00A76310 /* road.plist in Resources */,
				8B7F5C2A1DB8C41A00A76310 /* aliencloister.plist in Resources */,
				8B7F5C2B1DB8C41A00A76310 /* beach.plist in Resources */,
			);
			runOnlyForDeploymentPostprocessing = 0;
		};
/* End PBXResourcesBuildPhase section */

/* Begin PBXSourcesBuildPhase section */
		8B55BB902F22A89600B95C2F /* Sources */ = {
			isa = PBXSourcesBuildPhase;
			buildActionMask = 2147483647;
			files = (
			);
			runOnlyForDeploymentPostprocessing = 0;
		};
		8B7F5C2C1DB8C41A00A76310 /* Sources */ = {
			isa = PBXSourcesBuildPhase;
			buildActionMask = 2147483647;
			files = (
				8B7F5C2D1DB8C41A00A76310 /* eventhandlers.m in Sources */,
				8B7F5C2E1DB8C41A00A76310 /* fire.m in Sources */,
				8B7F5C2F1DB8C41A00A76310 /* game.m in Sources */,
				8B9DFBB52F10502C00FFF56D /* GameView.m in Sources */,
				8B9DFBB12F104FDD00FFF56D /* AppDelegate.m in Sources */,
				8B7F5C301DB8C41A00A76310 /* graphics.m in Sources */,
				8B7F5C311DB8C41A00A76310 /* loading.m in Sources */,
				8B7F5C321DB8C41A00A76310 /* main.m in Sources */,
				8B7F5C331DB8C41A00A76310 /* scores.m in Sources */,
				8B7F5C341DB8C41A00A76310 /* sound.m in Sources */,
				8B7F5C361DB8C41A00A76310 /* depthcheck.m in Sources */,
			);
			runOnlyForDeploymentPostprocessing = 0;
		};
/* End PBXSourcesBuildPhase section */

/* Begin PBXVariantGroup section */
		0867D6AAFE840B52C02AAC07 /* InfoPlist.strings */ = {
			isa = PBXVariantGroup;
			children = (
				8B987BA02F1FEDAD00CBEF45 /* en */,
			);
			name = InfoPlist.strings;
			sourceTree = "<group>";
		};
		8BFF89E62F10F85D00B8FDFE /* main.xib */ = {
			isa = PBXVariantGroup;
			children = (
				8B987BA22F1FEDAD00CBEF45 /* en */,
			);
			name = main.xib;
			sourceTree = "<group>";
		};
		F52E40260370C77E01F4A231 /* CustomInfo.plist */ = {
			isa = PBXVariantGroup;
			children = (
				8B987B9E2F1FEDAD00CBEF45 /* en */,
			);
			name = CustomInfo.plist;
			sourceTree = "<group>";
		};
		F52E40280370C77E01F4A231 /* Graphics */ = {
			isa = PBXVariantGroup;
			children = (
				8B987B9F2F1FEDAD00CBEF45 /* en */,
			);
			name = Graphics;
			sourceTree = "<group>";
		};
		F52E406D0370C77F01F4A231 /* MAFFia.icns */ = {
			isa = PBXVariantGroup;
			children = (
				8B987BA12F1FEDAD00CBEF45 /* en */,
			);
			name = MAFFia.icns;
			sourceTree = "<group>";
		};
		F52E40730370C77F01F4A231 /* sound.rsrc */ = {
			isa = PBXVariantGroup;
			children = (
				8B987BA32F1FEDAD00CBEF45 /* en */,
			);
			name = sound.rsrc;
			sourceTree = "<group>";
		};
/* End PBXVariantGroup section */

/* Begin XCBuildConfiguration section */
		8B2D26201DB8B960004D6FFF /* Development */ = {
			isa = XCBuildConfiguration;
			buildSettings = {
				ALWAYS_SEARCH_USER_PATHS = NO;
				CLANG_WARN_BLOCK_CAPTURE_AUTORELEASING = YES;
				CLANG_WARN_BOOL_CONVERSION = YES;
				CLANG_WARN_COMMA = YES;
				CLANG_WARN_CONSTANT_CONVERSION = YES;
				CLANG_WARN_DEPRECATED_OBJC_IMPLEMENTATIONS = YES;
				CLANG_WARN_EMPTY_BODY = YES;
				CLANG_WARN_ENUM_CONVERSION = YES;
				CLANG_WARN_INFINITE_RECURSION = YES;
				CLANG_WARN_INT_CONVERSION = YES;
				CLANG_WARN_NON_LITERAL_NULL_CONVERSION = YES;
				CLANG_WARN_OBJC_IMPLICIT_RETAIN_SELF = YES;
				CLANG_WARN_OBJC_LITERAL_CONVERSION = YES;
				CLANG_WARN_QUOTED_INCLUDE_IN_FRAMEWORK_HEADER = YES;
				CLANG_WARN_RANGE_LOOP_ANALYSIS = YES;
				CLANG_WARN_STRICT_PROTOTYPES = YES;
				CLANG_WARN_SUSPICIOUS_MOVE = YES;
				CLANG_WARN_UNREACHABLE_CODE = YES;
				CLANG_WARN__DUPLICATE_METHOD_MATCH = YES;
				CONFIGURATION_BUILD_DIR = "";
				DEAD_CODE_STRIPPING = YES;
				DEVELOPMENT_TEAM = 7ATZZYL3EC;
				ENABLE_STRICT_OBJC_MSGSEND = YES;
				ENABLE_TESTABILITY = YES;
				ENABLE_USER_SCRIPT_SANDBOXING = YES;
				EXECUTABLE_SUFFIX = .a;
				GCC_NO_COMMON_BLOCKS = YES;
				GCC_WARN_64_TO_32_BIT_CONVERSION = YES;
				GCC_WARN_ABOUT_RETURN_TYPE = YES;
				GCC_WARN_UNDECLARED_SELECTOR = YES;
				GCC_WARN_UNINITIALIZED_AUTOS = YES;
				GCC_WARN_UNUSED_FUNCTION = YES;
				GCC_WARN_UNUSED_VARIABLE = YES;
				HEADER_SEARCH_PATHS = (
					"$(SRCROOT)/Pomme",
					"$(SRCROOT)/Pomme/CompilerSupport",
					"$(SRCROOT)/Pomme/SoundFormats",
				);
				LIBRARY_STYLE = STATIC;
				ONLY_ACTIVE_ARCH = YES;
				SDKROOT = "$(DEVELOPER_SDK_DIR)/MacOSX10.4u.sdk";
				STRING_CATALOG_GENERATE_SYMBOLS = YES;
			};
			name = Development;
		};
		8B2D26211DB8B960004D6FFF /* Deployment */ = {
			isa = XCBuildConfiguration;
			buildSettings = {
				ALWAYS_SEARCH_USER_PATHS = NO;
				CLANG_WARN_BLOCK_CAPTURE_AUTORELEASING = YES;
				CLANG_WARN_BOOL_CONVERSION = YES;
				CLANG_WARN_COMMA = YES;
				CLANG_WARN_CONSTANT_CONVERSION = YES;
				CLANG_WARN_DEPRECATED_OBJC_IMPLEMENTATIONS = YES;
				CLANG_WARN_EMPTY_BODY = YES;
				CLANG_WARN_ENUM_CONVERSION = YES;
				CLANG_WARN_INFINITE_RECURSION = YES;
				CLANG_WARN_INT_CONVERSION = YES;
				CLANG_WARN_NON_LITERAL_NULL_CONVERSION = YES;
				CLANG_WARN_OBJC_IMPLICIT_RETAIN_SELF = YES;
				CLANG_WARN_OBJC_LITERAL_CONVERSION = YES;
				CLANG_WARN_QUOTED_INCLUDE_IN_FRAMEWORK_HEADER = YES;
				CLANG_WARN_RANGE_LOOP_ANALYSIS = YES;
				CLANG_WARN_STRICT_PROTOTYPES = YES;
				CLANG_WARN_SUSPICIOUS_MOVE = YES;
				CLANG_WARN_UNREACHABLE_CODE = YES;
				CLANG_WARN__DUPLICATE_METHOD_MATCH = YES;
				CONFIGURATION_BUILD_DIR = "";
				DEAD_CODE_STRIPPING = YES;
				DEVELOPMENT_TEAM = 7ATZZYL3EC;
				ENABLE_STRICT_OBJC_MSGSEND = YES;
				ENABLE_USER_SCRIPT_SANDBOXING = YES;
				EXECUTABLE_SUFFIX = .a;
				GCC_NO_COMMON_BLOCKS = YES;
				GCC_WARN_64_TO_32_BIT_CONVERSION = YES;
				GCC_WARN_ABOUT_RETURN_TYPE = YES;
				GCC_WARN_UNDECLARED_SELECTOR = YES;
				GCC_WARN_UNINITIALIZED_AUTOS = YES;
				GCC_WARN_UNUSED_FUNCTION = YES;
				GCC_WARN_UNUSED_VARIABLE = YES;
				HEADER_SEARCH_PATHS = (
					"$(SRCROOT)/Pomme",
					"$(SRCROOT)/Pomme/CompilerSupport",
					"$(SRCROOT)/Pomme/SoundFormats",
				);
				LIBRARY_STYLE = STATIC;
				SDKROOT = "$(DEVELOPER_SDK_DIR)/MacOSX10.4u.sdk";
				STRING_CATALOG_GENERATE_SYMBOLS = YES;
			};
			name = Deployment;
		};
		8B2D26221DB8B960004D6FFF /* Default */ = {
			isa = XCBuildConfiguration;
			buildSettings = {
				ALWAYS_SEARCH_USER_PATHS = NO;
				CLANG_WARN_BLOCK_CAPTURE_AUTORELEASING = YES;
				CLANG_WARN_BOOL_CONVERSION = YES;
				CLANG_WARN_COMMA = YES;
				CLANG_WARN_CONSTANT_CONVERSION = YES;
				CLANG_WARN_DEPRECATED_OBJC_IMPLEMENTATIONS = YES;
				CLANG_WARN_EMPTY_BODY = YES;
				CLANG_WARN_ENUM_CONVERSION = YES;
				CLANG_WARN_INFINITE_RECURSION = YES;
				CLANG_WARN_INT_CONVERSION = YES;
				CLANG_WARN_NON_LITERAL_NULL_CONVERSION = YES;
				CLANG_WARN_OBJC_IMPLICIT_RETAIN_SELF = YES;
				CLANG_WARN_OBJC_LITERAL_CONVERSION = YES;
				CLANG_WARN_QUOTED_INCLUDE_IN_FRAMEWORK_HEADER = YES;
				CLANG_WARN_RANGE_LOOP_ANALYSIS = YES;
				CLANG_WARN_STRICT_PROTOTYPES = YES;
				CLANG_WARN_SUSPICIOUS_MOVE = YES;
				CLANG_WARN_UNREACHABLE_CODE = YES;
				CLANG_WARN__DUPLICATE_METHOD_MATCH = YES;
				CONFIGURATION_BUILD_DIR = "";
				DEAD_CODE_STRIPPING = YES;
				DEVELOPMENT_TEAM = 7ATZZYL3EC;
				ENABLE_STRICT_OBJC_MSGSEND = YES;
				ENABLE_USER_SCRIPT_SANDBOXING = YES;
				EXECUTABLE_SUFFIX = .a;
				GCC_NO_COMMON_BLOCKS = YES;
				GCC_WARN_64_TO_32_BIT_CONVERSION = YES;
				GCC_WARN_ABOUT_RETURN_TYPE = YES;
				GCC_WARN_UNDECLARED_SELECTOR = YES;
				GCC_WARN_UNINITIALIZED_AUTOS = YES;
				GCC_WARN_UNUSED_FUNCTION = YES;
				GCC_WARN_UNUSED_VARIABLE = YES;
				HEADER_SEARCH_PATHS = (
					"$(SRCROOT)/Pomme",
					"$(SRCROOT)/Pomme/CompilerSupport",
					"$(SRCROOT)/Pomme/SoundFormats",
				);
				LIBRARY_STYLE = STATIC;
				SDKROOT = "$(DEVELOPER_SDK_DIR)/MacOSX10.4u.sdk";
				STRING_CATALOG_GENERATE_SYMBOLS = YES;
			};
			name = Default;
		};
		8B55BB9A2F22A89600B95C2F /* Development */ = {
			isa = XCBuildConfiguration;
			buildSettings = {
				ALWAYS_SEARCH_USER_PATHS = NO;
				ASSETCATALOG_COMPILER_GENERATE_SWIFT_ASSET_SYMBOL_EXTENSIONS = YES;
				CLANG_ANALYZER_NONNULL = YES_NONAGGRESSIVE;
				CLANG_ANALYZER_NUMBER_OBJECT_CONVERSION = YES;
				CLANG_CXX_LANGUAGE_STANDARD = "compiler-default";
				CLANG_ENABLE_MODULES = NO;
				CLANG_ENABLE_OBJC_ARC = NO;
				CLANG_ENABLE_OBJC_WEAK = NO;
				CLANG_WARN_BLOCK_CAPTURE_AUTORELEASING = NO;
				CLANG_WARN_BOOL_CONVERSION = "$(CLANG_WARN_SUSPICIOUS_IMPLICIT_CONVERSION)";
				CLANG_WARN_COMMA = NO;
				CLANG_WARN_CONSTANT_CONVERSION = "$(CLANG_WARN_SUSPICIOUS_IMPLICIT_CONVERSION)";
				CLANG_WARN_DEPRECATED_OBJC_IMPLEMENTATIONS = NO;
				CLANG_WARN_DIRECT_OBJC_ISA_USAGE = YES;
				CLANG_WARN_DOCUMENTATION_COMMENTS = NO;
				CLANG_WARN_EMPTY_BODY = "$(CLANG_ENABLE_SECURITY_COMPILER_WARNINGS)";
				CLANG_WARN_ENUM_CONVERSION = "$(CLANG_WARN_SUSPICIOUS_IMPLICIT_CONVERSION)";
				CLANG_WARN_INFINITE_RECURSION = NO;
				CLANG_WARN_INT_CONVERSION = "$(CLANG_WARN_SUSPICIOUS_IMPLICIT_CONVERSION)";
				CLANG_WARN_NON_LITERAL_NULL_CONVERSION = "$(CLANG_WARN_SUSPICIOUS_IMPLICIT_CONVERSION)";
				CLANG_WARN_OBJC_IMPLICIT_RETAIN_SELF = NO;
				CLANG_WARN_OBJC_LITERAL_CONVERSION = "$(CLANG_WARN_SUSPICIOUS_IMPLICIT_CONVERSION)";
				CLANG_WARN_OBJC_ROOT_CLASS = YES;
				CLANG_WARN_PRAGMA_PACK = YES;
				CLANG_WARN_QUOTED_INCLUDE_IN_FRAMEWORK_HEADER = NO;
				CLANG_WARN_RANGE_LOOP_ANALYSIS = NO;
				CLANG_WARN_STRICT_PROTOTYPES = NO;
				CLANG_WARN_SUSPICIOUS_MOVE = NO;
				CLANG_WARN_UNGUARDED_AVAILABILITY = YES;
				CLANG_WARN_UNREACHABLE_CODE = NO;
				CLANG_WARN__DUPLICATE_METHOD_MATCH = NO;
				CODE_SIGN_STYLE = Automatic;
				COMBINE_HIDPI_IMAGES = YES;
				COPY_PHASE_STRIP = NO;
				DEAD_CODE_STRIPPING = NO;
				DEBUG_INFORMATION_FORMAT = dwarf;
				DEVELOPMENT_TEAM = 7ATZZYL3EC;
				ENABLE_NS_ASSERTIONS = YES;
				ENABLE_STRICT_OBJC_MSGSEND = NO;
				ENABLE_TESTABILITY = NO;
				ENABLE_USER_SCRIPT_SANDBOXING = NO;
				EXECUTABLE_PREFIX = lib;
				FRAMEWORK_SEARCH_PATHS = extern;
				GCC_C_LANGUAGE_STANDARD = "compiler-default";
				GCC_DYNAMIC_NO_PIC = NO;
				GCC_GENERATE_DEBUGGING_SYMBOLS = NO;
				GCC_NO_COMMON_BLOCKS = NO;
				GCC_OPTIMIZATION_LEVEL = 0;
				GCC_PREPROCESSOR_DEFINITIONS = (
					"DEBUG=1",
					"$(inherited)",
				);
				GCC_WARN_64_TO_32_BIT_CONVERSION = YES;
				GCC_WARN_ABOUT_RETURN_TYPE = NO;
				GCC_WARN_UNDECLARED_SELECTOR = NO;
				GCC_WARN_UNINITIALIZED_AUTOS = NO;
				GCC_WARN_UNUSED_FUNCTION = NO;
				GCC_WARN_UNUSED_VARIABLE = NO;
				HEADER_SEARCH_PATHS = "$(SRCROOT)/extern/Pomme";
				INSTALL_PATH = "";
				LOCALIZATION_PREFERS_STRING_CATALOGS = NO;
				MACOSX_DEPLOYMENT_TARGET = 11.5;
				MTL_ENABLE_DEBUG_INFO = INCLUDE_SOURCE;
				MTL_FAST_MATH = YES;
				ONLY_ACTIVE_ARCH = YES;
				OTHER_CFLAGS = (
					"'-std=gnu++20'",
					"-F$(SRCROOT)/extern",
					"-fexceptions",
					"-Wall",
					"-Wextra",
					"-Wshadow",
					"-Wno-multichar",
					"-Wno-unknown-pragmas",
					"'-Wstrict-aliasing=2'",
					"-F",
					/Users/pascalharris/Downloads/nanobuild/Nanosaur/extern,
				);
				PRODUCT_NAME = "$(TARGET_NAME)";
				SDKROOT = macosx;
				SKIP_INSTALL = YES;
				STRING_CATALOG_GENERATE_SYMBOLS = NO;
			};
			name = Development;
		};
		8B55BB9B2F22A89600B95C2F /* Deployment */ = {
			isa = XCBuildConfiguration;
			buildSettings = {
				ALWAYS_SEARCH_USER_PATHS = NO;
				ASSETCATALOG_COMPILER_GENERATE_SWIFT_ASSET_SYMBOL_EXTENSIONS = YES;
				CLANG_ANALYZER_NONNULL = YES_NONAGGRESSIVE;
				CLANG_ANALYZER_NUMBER_OBJECT_CONVERSION = YES;
				CLANG_CXX_LANGUAGE_STANDARD = "compiler-default";
				CLANG_ENABLE_MODULES = NO;
				CLANG_ENABLE_OBJC_ARC = NO;
				CLANG_ENABLE_OBJC_WEAK = NO;
				CLANG_WARN_BLOCK_CAPTURE_AUTORELEASING = NO;
				CLANG_WARN_BOOL_CONVERSION = "$(CLANG_WARN_SUSPICIOUS_IMPLICIT_CONVERSION)";
				CLANG_WARN_COMMA = NO;
				CLANG_WARN_CONSTANT_CONVERSION = "$(CLANG_WARN_SUSPICIOUS_IMPLICIT_CONVERSION)";
				CLANG_WARN_DEPRECATED_OBJC_IMPLEMENTATIONS = NO;
				CLANG_WARN_DIRECT_OBJC_ISA_USAGE = YES;
				CLANG_WARN_DOCUMENTATION_COMMENTS = NO;
				CLANG_WARN_EMPTY_BODY = "$(CLANG_ENABLE_SECURITY_COMPILER_WARNINGS)";
				CLANG_WARN_ENUM_CONVERSION = "$(CLANG_WARN_SUSPICIOUS_IMPLICIT_CONVERSION)";
				CLANG_WARN_INFINITE_RECURSION = NO;
				CLANG_WARN_INT_CONVERSION = "$(CLANG_WARN_SUSPICIOUS_IMPLICIT_CONVERSION)";
				CLANG_WARN_NON_LITERAL_NULL_CONVERSION = "$(CLANG_WARN_SUSPICIOUS_IMPLICIT_CONVERSION)";
				CLANG_WARN_OBJC_IMPLICIT_RETAIN_SELF = NO;
				CLANG_WARN_OBJC_LITERAL_CONVERSION = "$(CLANG_WARN_SUSPICIOUS_IMPLICIT_CONVERSION)";
				CLANG_WARN_OBJC_ROOT_CLASS = YES;
				CLANG_WARN_PRAGMA_PACK = YES;
				CLANG_WARN_QUOTED_INCLUDE_IN_FRAMEWORK_HEADER = NO;
				CLANG_WARN_RANGE_LOOP_ANALYSIS = NO;
				CLANG_WARN_STRICT_PROTOTYPES = NO;
				CLANG_WARN_SUSPICIOUS_MOVE = NO;
				CLANG_WARN_UNGUARDED_AVAILABILITY = YES;
				CLANG_WARN_UNREACHABLE_CODE = NO;
				CLANG_WARN__DUPLICATE_METHOD_MATCH = NO;
				CODE_SIGN_STYLE = Automatic;
				COMBINE_HIDPI_IMAGES = YES;
				COPY_PHASE_STRIP = NO;
				DEAD_CODE_STRIPPING = NO;
				DEBUG_INFORMATION_FORMAT = "dwarf-with-dsym";
				DEVELOPMENT_TEAM = 7ATZZYL3EC;
				ENABLE_NS_ASSERTIONS = YES;
				ENABLE_STRICT_OBJC_MSGSEND = NO;
				ENABLE_TESTABILITY = NO;
				ENABLE_USER_SCRIPT_SANDBOXING = NO;
				EXECUTABLE_PREFIX = lib;
				FRAMEWORK_SEARCH_PATHS = extern;
				GCC_C_LANGUAGE_STANDARD = "compiler-default";
				GCC_GENERATE_DEBUGGING_SYMBOLS = NO;
				GCC_NO_COMMON_BLOCKS = NO;
				GCC_OPTIMIZATION_LEVEL = 0;
				GCC_WARN_64_TO_32_BIT_CONVERSION = YES;
				GCC_WARN_ABOUT_RETURN_TYPE = NO;
				GCC_WARN_UNDECLARED_SELECTOR = NO;
				GCC_WARN_UNINITIALIZED_AUTOS = NO;
				GCC_WARN_UNUSED_FUNCTION = NO;
				GCC_WARN_UNUSED_VARIABLE = NO;
				HEADER_SEARCH_PATHS = "$(SRCROOT)/extern/Pomme";
				INSTALL_PATH = "";
				LOCALIZATION_PREFERS_STRING_CATALOGS = NO;
				MACOSX_DEPLOYMENT_TARGET = 11.5;
				MTL_ENABLE_DEBUG_INFO = NO;
				MTL_FAST_MATH = YES;
				OTHER_CFLAGS = (
					"'-std=gnu++20'",
					"-F$(SRCROOT)/extern",
					"-fexceptions",
					"-Wall",
					"-Wextra",
					"-Wshadow",
					"-Wno-multichar",
					"-Wno-unknown-pragmas",
					"'-Wstrict-aliasing=2'",
					"-F",
					/Users/pascalharris/Downloads/nanobuild/Nanosaur/extern,
				);
				PRODUCT_NAME = "$(TARGET_NAME)";
				SDKROOT = macosx;
				SKIP_INSTALL = YES;
				STRING_CATALOG_GENERATE_SYMBOLS = NO;
			};
			name = Deployment;
		};
		8B55BB9C2F22A89600B95C2F /* Default */ = {
			isa = XCBuildConfiguration;
			buildSettings = {
				ALWAYS_SEARCH_USER_PATHS = NO;
				ASSETCATALOG_COMPILER_GENERATE_SWIFT_ASSET_SYMBOL_EXTENSIONS = YES;
				CLANG_ANALYZER_NONNULL = YES_NONAGGRESSIVE;
				CLANG_ANALYZER_NUMBER_OBJECT_CONVERSION = YES;
				CLANG_CXX_LANGUAGE_STANDARD = "compiler-default";
				CLANG_ENABLE_MODULES = NO;
				CLANG_ENABLE_OBJC_ARC = NO;
				CLANG_ENABLE_OBJC_WEAK = NO;
				CLANG_WARN_BLOCK_CAPTURE_AUTORELEASING = NO;
				CLANG_WARN_BOOL_CONVERSION = "$(CLANG_WARN_SUSPICIOUS_IMPLICIT_CONVERSION)";
				CLANG_WARN_COMMA = NO;
				CLANG_WARN_CONSTANT_CONVERSION = "$(CLANG_WARN_SUSPICIOUS_IMPLICIT_CONVERSION)";
				CLANG_WARN_DEPRECATED_OBJC_IMPLEMENTATIONS = NO;
				CLANG_WARN_DIRECT_OBJC_ISA_USAGE = YES;
				CLANG_WARN_DOCUMENTATION_COMMENTS = NO;
				CLANG_WARN_EMPTY_BODY = "$(CLANG_ENABLE_SECURITY_COMPILER_WARNINGS)";
				CLANG_WARN_ENUM_CONVERSION = "$(CLANG_WARN_SUSPICIOUS_IMPLICIT_CONVERSION)";
				CLANG_WARN_INFINITE_RECURSION = NO;
				CLANG_WARN_INT_CONVERSION = "$(CLANG_WARN_SUSPICIOUS_IMPLICIT_CONVERSION)";
				CLANG_WARN_NON_LITERAL_NULL_CONVERSION = "$(CLANG_WARN_SUSPICIOUS_IMPLICIT_CONVERSION)";
				CLANG_WARN_OBJC_IMPLICIT_RETAIN_SELF = NO;
				CLANG_WARN_OBJC_LITERAL_CONVERSION = "$(CLANG_WARN_SUSPICIOUS_IMPLICIT_CONVERSION)";
				CLANG_WARN_OBJC_ROOT_CLASS = YES;
				CLANG_WARN_PRAGMA_PACK = YES;
				CLANG_WARN_QUOTED_INCLUDE_IN_FRAMEWORK_HEADER = NO;
				CLANG_WARN_RANGE_LOOP_ANALYSIS = NO;
				CLANG_WARN_STRICT_PROTOTYPES = NO;
				CLANG_WARN_SUSPICIOUS_MOVE = NO;
				CLANG_WARN_UNGUARDED_AVAILABILITY = YES;
				CLANG_WARN_UNREACHABLE_CODE = NO;
				CLANG_WARN__DUPLICATE_METHOD_MATCH = NO;
				CODE_SIGN_STYLE = Automatic;
				COMBINE_HIDPI_IMAGES = YES;
				COPY_PHASE_STRIP = NO;
				DEAD_CODE_STRIPPING = NO;
				DEBUG_INFORMATION_FORMAT = "dwarf-with-dsym";
				DEVELOPMENT_TEAM = 7ATZZYL3EC;
				ENABLE_NS_ASSERTIONS = YES;
				ENABLE_STRICT_OBJC_MSGSEND = NO;
				ENABLE_TESTABILITY = NO;
				ENABLE_USER_SCRIPT_SANDBOXING = NO;
				EXECUTABLE_PREFIX = lib;
				FRAMEWORK_SEARCH_PATHS = extern;
				GCC_C_LANGUAGE_STANDARD = "compiler-default";
				GCC_GENERATE_DEBUGGING_SYMBOLS = NO;
				GCC_NO_COMMON_BLOCKS = NO;
				GCC_OPTIMIZATION_LEVEL = 0;
				GCC_WARN_64_TO_32_BIT_CONVERSION = NO;
				"GCC_WARN_64_TO_32_BIT_CONVERSION[arch=*64]" = YES;
				GCC_WARN_ABOUT_RETURN_TYPE = NO;
				GCC_WARN_UNDECLARED_SELECTOR = NO;
				GCC_WARN_UNINITIALIZED_AUTOS = NO;
				GCC_WARN_UNUSED_FUNCTION = NO;
				GCC_WARN_UNUSED_VARIABLE = NO;
				HEADER_SEARCH_PATHS = "$(SRCROOT)/extern/Pomme";
				INSTALL_PATH = "";
				LOCALIZATION_PREFERS_STRING_CATALOGS = NO;
				MACOSX_DEPLOYMENT_TARGET = 11.5;
				MTL_ENABLE_DEBUG_INFO = NO;
				MTL_FAST_MATH = YES;
				OTHER_CFLAGS = (
					"'-std=gnu++20'",
					"-F$(SRCROOT)/extern",
					"-fexceptions",
					"-Wall",
					"-Wextra",
					"-Wshadow",
					"-Wno-multichar",
					"-Wno-unknown-pragmas",
					"'-Wstrict-aliasing=2'",
					"-F",
					/Users/pascalharris/Downloads/nanobuild/Nanosaur/extern,
				);
				PRODUCT_NAME = "$(TARGET_NAME)";
				SDKROOT = macosx;
				SKIP_INSTALL = YES;
				STRING_CATALOG_GENERATE_SYMBOLS = NO;
			};
			name = Default;
		};
		8B7F5C3E1DB8C41A00A76310 /* Development */ = {
			isa = XCBuildConfiguration;
			buildSettings = {
				ALWAYS_SEARCH_USER_PATHS = NO;
				ARCHS = "$(ARCHS_STANDARD)";
				CLANG_ENABLE_OBJC_WEAK = YES;
				CODE_SIGN_IDENTITY = "Apple Development";
				CODE_SIGN_STYLE = Automatic;
				COPY_PHASE_STRIP = NO;
				DEAD_CODE_STRIPPING = YES;
				ENABLE_HARDENED_RUNTIME = YES;
				FRAMEWORK_SEARCH_PATHS = "$(PROJECT_DIR)/extern";
				GCC_DYNAMIC_NO_PIC = NO;
				GCC_GENERATE_DEBUGGING_SYMBOLS = YES;
				GCC_OPTIMIZATION_LEVEL = 0;
				GCC_SYMBOLS_PRIVATE_EXTERN = NO;
				GCC_TREAT_WARNINGS_AS_ERRORS = NO;
				HEADER_SEARCH_PATHS = "$(SRCROOT)/extern/Pomme";
				INFOPLIST_FILE = "Info-MAFFia__Upgraded_.plist";
				INFOPLIST_KEY_LSApplicationCategoryType = "public.app-category.arcade-games";
				INSTALL_PATH = "$(HOME)/Applications";
				LIBRARY_SEARCH_PATHS = "";
				MACOSX_DEPLOYMENT_TARGET = 13.5;
				OTHER_CFLAGS = "";
				OTHER_LDFLAGS = "";
				OTHER_REZFLAGS = "";
				PRODUCT_BUNDLE_IDENTIFIER = com.45rpmsoftware.MAFFia;
				PRODUCT_NAME = MAFFia;
				PROVISIONING_PROFILE_SPECIFIER = "";
				SDKROOT = macosx;
				SECTORDER_FLAGS = "";
				WARNING_CFLAGS = (
					"-Wall",
					"-W",
					"-Wno-unused-parameter",
				);
				WRAPPER_EXTENSION = app;
				ZERO_LINK = YES;
			};
			name = Development;
		};
		8B7F5C3F1DB8C41A00A76310 /* Deployment */ = {
			isa = XCBuildConfiguration;
			buildSettings = {
				ALWAYS_SEARCH_USER_PATHS = NO;
				ARCHS = "$(ARCHS_STANDARD)";
				CLANG_ENABLE_OBJC_WEAK = YES;
				CODE_SIGN_IDENTITY = "Apple Development";
				CODE_SIGN_STYLE = Automatic;
				COPY_PHASE_STRIP = YES;
				DEAD_CODE_STRIPPING = YES;
				ENABLE_HARDENED_RUNTIME = YES;
				FRAMEWORK_SEARCH_PATHS = "$(PROJECT_DIR)/extern";
				GCC_OPTIMIZATION_LEVEL = 3;
				GCC_SYMBOLS_PRIVATE_EXTERN = NO;
				GCC_TREAT_WARNINGS_AS_ERRORS = NO;
				HEADER_SEARCH_PATHS = "$(SRCROOT)/extern/Pomme";
				INFOPLIST_FILE = "Info-MAFFia__Upgraded_.plist";
				INFOPLIST_KEY_LSApplicationCategoryType = "public.app-category.arcade-games";
				INSTALL_PATH = "$(HOME)/Applications";
				LIBRARY_SEARCH_PATHS = "";
				MACOSX_DEPLOYMENT_TARGET = 13.5;
				OTHER_CFLAGS = "";
				OTHER_LDFLAGS = "";
				OTHER_REZFLAGS = "";
				PRODUCT_BUNDLE_IDENTIFIER = com.45rpmsoftware.MAFFia;
				PRODUCT_NAME = MAFFia;
				PROVISIONING_PROFILE_SPECIFIER = "";
				SDKROOT = macosx;
				SECTORDER_FLAGS = "";
				WARNING_CFLAGS = (
					"-Wall",
					"-W",
					"-Wno-unused-parameter",
				);
				WRAPPER_EXTENSION = app;
				ZERO_LINK = NO;
			};
			name = Deployment;
		};
		8B7F5C401DB8C41A00A76310 /* Default */ = {
			isa = XCBuildConfiguration;
			buildSettings = {
				ALWAYS_SEARCH_USER_PATHS = NO;
				ARCHS = "$(ARCHS_STANDARD)";
				CLANG_ENABLE_OBJC_WEAK = YES;
				CODE_SIGN_IDENTITY = "Apple Development";
				CODE_SIGN_STYLE = Automatic;
				DEAD_CODE_STRIPPING = YES;
				ENABLE_HARDENED_RUNTIME = YES;
				FRAMEWORK_SEARCH_PATHS = "$(PROJECT_DIR)/extern";
				GCC_OPTIMIZATION_LEVEL = 3;
				GCC_SYMBOLS_PRIVATE_EXTERN = NO;
				GCC_TREAT_WARNINGS_AS_ERRORS = NO;
				HEADER_SEARCH_PATHS = "$(SRCROOT)/extern/Pomme";
				INFOPLIST_FILE = "Info-MAFFia__Upgraded_.plist";
				INFOPLIST_KEY_LSApplicationCategoryType = "public.app-category.arcade-games";
				INSTALL_PATH = "$(HOME)/Applications";
				LIBRARY_SEARCH_PATHS = "";
				MACOSX_DEPLOYMENT_TARGET = 13.5;
				OTHER_CFLAGS = "";
				OTHER_LDFLAGS = "";
				OTHER_REZFLAGS = "";
				PRODUCT_BUNDLE_IDENTIFIER = com.45rpmsoftware.MAFFia;
				PRODUCT_NAME = MAFFia;
				PROVISIONING_PROFILE_SPECIFIER = "";
				SDKROOT = macosx;
				SECTORDER_FLAGS = "";
				WARNING_CFLAGS = (
					"-Wall",
					"-W",
					"-Wno-unused-parameter",
				);
				WRAPPER_EXTENSION = app;
			};
			name = Default;
		};
/* End XCBuildConfiguration section */

/* Begin XCConfigurationList section */
		8B2D261F1DB8B960004D6FFF /* Build configuration list for PBXProject "MAFFia" */ = {
			isa = XCConfigurationList;
			buildConfigurations = (
				8B2D26201DB8B960004D6FFF /* Development */,
				8B2D26211DB8B960004D6FFF /* Deployment */,
				8B2D26221DB8B960004D6FFF /* Default */,
			);
			defaultConfigurationIsVisible = 0;
			defaultConfigurationName = Default;
		};
		8B55BB992F22A89600B95C2F /* Build configuration list for PBXNativeTarget "Pomme" */ = {
			isa = XCConfigurationList;
			buildConfigurations = (
				8B55BB9A2F22A89600B95C2F /* Development */,
				8B55BB9B2F22A89600B95C2F /* Deployment */,
				8B55BB9C2F22A89600B95C2F /* Default */,
			);
			defaultConfigurationIsVisible = 0;
			defaultConfigurationName = Default;
		};
		8B7F5C3D1DB8C41A00A76310 /* Build configuration list for PBXNativeTarget "MAFFia" */ = {
			isa = XCConfigurationList;
			buildConfigurations = (
				8B7F5C3E1DB8C41A00A76310 /* Development */,
				8B7F5C3F1DB8C41A00A76310 /* Deployment */,
				8B7F5C401DB8C41A00A76310 /* Default */,
			);
			defaultConfigurationIsVisible = 0;
			defaultConfigurationName = Default;
		};
/* End XCConfigurationList section */
	};
	rootObject = 20286C28FDCF999611CA2CEA /* Project object */;
}
